{
    "_meta": {
        "hash": {
            "sha256": "4795c5c8fd52f35a99ed394da0019faa18ec0c0cc20619b620ab1cfbd1739beb"
        },
        "pipfile-spec": 6,
        "requires": {
            "python_version": "3.10"
        },
        "sources": [
            {
                "name": "pypi",
                "url": "https://pypi.org/simple",
                "verify_ssl": true
            }
        ]
    },
    "default": {
        "h3": {
            "hashes": [
                "sha256:08a09f7a43ed142573c602ef487a058da54ab4d86c173082b29a5057805fe2d3",
                "sha256:0a96ea1844182bd0511cdcdc89e38e3026d9a3d4139fd0c5e899709edd798ffa",
                "sha256:1387166f453816f91d624c6ce70876a3c20356cd28a3a759920dee23c78684cf",
                "sha256:25f0c22f4802ab71c45b86d206bd30fa0a6c7fbc3b630398b60c22907e9742e6",
                "sha256:2bf4d75fe42a260ac23bf4cb9f9de6e6f2aa37279b2719387711f3e0727c4653",
                "sha256:2faf304020493c5ffede34264bd28ed529b8b7238103e0904c0f3e9ca880bcfd",
                "sha256:33b147ecc0e19ab1f27303d0e3ae28e5a457f3347ce18ca9a58b694a8b0cdd0a",
                "sha256:38a084d74b234d48aafc01e4329cd9a92966e3f45b8cf21224118643b6eaa1c0",
                "sha256:3b1642085939c597a9c723ae3b187f80527ffc79cad0ded0e55be9c9bac69c6c",
                "sha256:4469fdf90034b1a67e155cac4f46b077fdc404b6182ab33abcb7081c9bfbf411",
                "sha256:46a1284521d86cab414981056390be944dca780fe74c6c9e463a16d1c8d24871",
                "sha256:585f375ba2a95ceb16b115a378e9118159c912c26703cf1627f57a004818c3b3",
                "sha256:62057c1c3d1c7fe492841e42fa360825d66fafd55ac37dc4e90b2292af21cb47",
                "sha256:68227df989274b0da54de9101a50741c70c48197ba3beacfb97c88170445c18e",
                "sha256:7b0ddfdd02920996d7c6672c91e83efb5432c67ff83f89a03f774e84bcfe19f8",
                "sha256:7c5366d24c2c01ef3bae68547c15f1965fac6053b2596c0073766bf7544ecaf0",
                "sha256:8155b2de1938eb56128fe4fd96e4f6d2022d4c34d8137bc95d73cbf329f8f89e",
                "sha256:83c2b0cd8259541f95b0493a620fb781b6a18c7c1e8fac1bda4fb234ae23ab43",
                "sha256:8d03622433da1a2761574311af378ff1ff841f5956db25927837c6aee9d1c13c",
                "sha256:960cd005b8817314d95fbaff3e848a72385df4e3c6c9703ff99b08581c8def69",
                "sha256:9b0277d82578b3ed3220167ef5c5acd8b4e0ef2fcd6c2fd69dbf29e0c4e03765",
                "sha256:a33fae02a54c63acb3c30fe49388715d658d76d42858a6ad4563e7e6859a9e57",
                "sha256:a59d7d10597a2da9e9729637a625ae8dff2ed4e7c6c0b4952f0a5b2db6ef7152",
                "sha256:ad21cfa8d97a62984ce30692a7ddf71a32a0c744cc247c43cbdbac1536aec4de",
                "sha256:be63482de86bbb91db7f3f3b7dd452b9e08a11dacbda2088386831fb0e7de59c",
                "sha256:c1108a9acb755310dce50a6e3c58ae1a2460ef60901d40e1155d633c7392f858",
                "sha256:c644ab3f221c7faaab2d1ccd11bc3b1106f172e9bb1c85a863b0a097f6b71cce",
                "sha256:c95c0818c163b69989c9e876dd82005e60edfbaabfd45429abebfc26f9a357e8",
                "sha256:cdd68e684f0c6e18604d46ee04dbcfe5c79de62238b2c29f1db0f3a5d8dfa47b",
                "sha256:ce86c6dce2c923bfb16e26586bc5f0443a8be61d4f43227be8587ccb95588a46",
                "sha256:e61d3c6b1b66072f5b74d46dbee7df29daac6ce9738b9a6223a67dc577114515",
                "sha256:f8edf5a546b31afdcd801b60448ea890ce1ff418fb784335e1329519f13aa85e"
            ],
            "version": "==3.7.4"
        },
        "numpy": {
            "hashes": [
                "sha256:17e5226674f6ea79e14e3b91bfbc153fdf3ac13f5cc54ee7bc8fdbe820a32da0",
                "sha256:2bd879d3ca4b6f39b7770829f73278b7c5e248c91d538aab1e506c628353e47f",
                "sha256:4f41f5bf20d9a521f8cab3a34557cd77b6f205ab2116651f12959714494268b0",
                "sha256:5593f67e66dea4e237f5af998d31a43e447786b2154ba1ad833676c788f37cde",
                "sha256:5e28cd64624dc2354a349152599e55308eb6ca95a13ce6a7d5679ebff2962913",
                "sha256:633679a472934b1c20a12ed0c9a6c9eb167fbb4cb89031939bfd03dd9dbc62b8",
                "sha256:806970e69106556d1dd200e26647e9bee5e2b3f1814f9da104a943e8d548ca38",
                "sha256:806cc25d5c43e240db709875e947076b2826f47c2c340a5a2f36da5bb10c58d6",
                "sha256:8247f01c4721479e482cc2f9f7d973f3f47810cbc8c65e38fd1bbd3141cc9842",
                "sha256:8ebf7e194b89bc66b78475bd3624d92980fca4e5bb86dda08d677d786fefc414",
                "sha256:8ecb818231afe5f0f568c81f12ce50f2b828ff2b27487520d85eb44c71313b9e",
                "sha256:8f9d84a24889ebb4c641a9b99e54adb8cab50972f0166a3abc14c3b93163f074",
                "sha256:909c56c4d4341ec8315291a105169d8aae732cfb4c250fbc375a1efb7a844f8f",
                "sha256:9b83d48e464f393d46e8dd8171687394d39bc5abfe2978896b77dc2604e8635d",
                "sha256:ac987b35df8c2a2eab495ee206658117e9ce867acf3ccb376a19e83070e69418",
                "sha256:b78d00e48261fbbd04aa0d7427cf78d18401ee0abd89c7559bbf422e5b1c7d01",
                "sha256:b8b97a8a87cadcd3f94659b4ef6ec056261fa1e1c3317f4193ac231d4df70215",
                "sha256:bd5b7ccae24e3d8501ee5563e82febc1771e73bd268eef82a1e8d2b4d556ae66",
                "sha256:bdc02c0235b261925102b1bd586579b7158e9d0d07ecb61148a1799214a4afd5",
                "sha256:be6b350dfbc7f708d9d853663772a9310783ea58f6035eec649fb9c4371b5389",
                "sha256:c403c81bb8ffb1c993d0165a11493fd4bf1353d258f6997b3ee288b0a48fce77",
                "sha256:cf8c6aed12a935abf2e290860af8e77b26a042eb7f2582ff83dc7ed5f963340c",
                "sha256:d98addfd3c8728ee8b2c49126f3c44c703e2b005d4a95998e2167af176a9e722",
                "sha256:dc76bca1ca98f4b122114435f83f1fcf3c0fe48e4e6f660e07996abf2f53903c",
                "sha256:dec198619b7dbd6db58603cd256e092bcadef22a796f778bf87f8592b468441d",
                "sha256:df28dda02c9328e122661f399f7655cdcbcf22ea42daa3650a26bce08a187450",
                "sha256:e603ca1fb47b913942f3e660a15e55a9ebca906857edfea476ae5f0fe9b457d5",
                "sha256:ecfdd68d334a6b97472ed032b5b37a30d8217c097acfff15e8452c710e775524"
            ],
            "markers": "python_version >= '3.8'",
            "version": "==1.23.2"
        },
        "pandas": {
            "hashes": [
                "sha256:07238a58d7cbc8a004855ade7b75bbd22c0db4b0ffccc721556bab8a095515f6",
                "sha256:0daf876dba6c622154b2e6741f29e87161f844e64f84801554f879d27ba63c0d",
                "sha256:16ad23db55efcc93fa878f7837267973b61ea85d244fc5ff0ccbcfa5638706c5",
                "sha256:1d9382f72a4f0e93909feece6fef5500e838ce1c355a581b3d8f259839f2ea76",
                "sha256:24ea75f47bbd5574675dae21d51779a4948715416413b30614c1e8b480909f81",
                "sha256:2893e923472a5e090c2d5e8db83e8f907364ec048572084c7d10ef93546be6d1",
                "sha256:2ff7788468e75917574f080cd4681b27e1a7bf36461fe968b49a87b5a54d007c",
                "sha256:41fc406e374590a3d492325b889a2686b31e7a7780bec83db2512988550dadbf",
                "sha256:48350592665ea3cbcd07efc8c12ff12d89be09cd47231c7925e3b8afada9d50d",
                "sha256:605d572126eb4ab2eadf5c59d5d69f0608df2bf7bcad5c5880a47a20a0699e3e",
                "sha256:6dfbf16b1ea4f4d0ee11084d9c026340514d1d30270eaa82a9f1297b6c8ecbf0",
                "sha256:6f803320c9da732cc79210d7e8cc5c8019aad512589c910c66529eb1b1818230",
                "sha256:721a3dd2f06ef942f83a819c0f3f6a648b2830b191a72bbe9451bcd49c3bd42e",
                "sha256:755679c49460bd0d2f837ab99f0a26948e68fa0718b7e42afbabd074d945bf84",
                "sha256:78b00429161ccb0da252229bcda8010b445c4bf924e721265bec5a6e96a92e92",
                "sha256:958a0588149190c22cdebbc0797e01972950c927a11a900fe6c2296f207b1d6f",
                "sha256:a3924692160e3d847e18702bb048dc38e0e13411d2b503fecb1adf0fcf950ba4",
                "sha256:d51674ed8e2551ef7773820ef5dab9322be0828629f2cbf8d1fc31a0c4fed640",
                "sha256:d5ebc990bd34f4ac3c73a2724c2dcc9ee7bf1ce6cf08e87bb25c6ad33507e318",
                "sha256:d6c0106415ff1a10c326c49bc5dd9ea8b9897a6ca0c8688eb9c30ddec49535ef",
                "sha256:e48fbb64165cda451c06a0f9e4c7a16b534fcabd32546d531b3c240ce2844112"
            ],
            "index": "pypi",
            "version": "==1.4.3"
        },
        "python-dateutil": {
            "hashes": [
                "sha256:0123cacc1627ae19ddf3c27a5de5bd67ee4586fbdd6440d9748f8abb483d3e86",
                "sha256:961d03dc3453ebbc59dbdea9e4e11c5651520a876d0f4db161e8674aae935da9"
            ],
            "markers": "python_version >= '2.7' and python_version not in '3.0, 3.1, 3.2, 3.3'",
            "version": "==2.8.2"
        },
        "pytz": {
            "hashes": [
                "sha256:220f481bdafa09c3955dfbdddb7b57780e9a94f5127e35456a48589b9e0c0197",
                "sha256:cea221417204f2d1a2aa03ddae3e867921971d0d76f14d87abb4414415bbdcf5"
            ],
            "version": "==2022.2.1"
        },
        "six": {
            "hashes": [
                "sha256:1e61c37477a1626458e36f7b1d82aa5c9b094fa4802892072e49de9c60c4c926",
                "sha256:8abb2f1d86890a2dfb989f9a77cfcfd3e47c2a354b01111771326f8aa26e0254"
            ],
            "markers": "python_version >= '2.7' and python_version not in '3.0, 3.1, 3.2, 3.3'",
            "version": "==1.16.0"
        },
        "timezonefinder": {
            "hashes": [
                "sha256:62bc28ab89b9159bbd195c4512eaaceeacb7daaf714354b0fe2aea59b1245a0d",
                "sha256:bc79b8eee051209af43da7b0725e5030fdc324c9bd1580a4598c94578d2683c9"
            ],
            "index": "pypi",
            "version": "==6.0.2"
        }
    },
    "develop": {}
}
